
Microsoft Visual Studio Solution File, Format Version 12.00
# Visual Studio 15
VisualStudioVersion = 15.0.27004.2010
MinimumVisualStudioVersion = 10.0.40219.1
Project("{FAE04EC0-301F-11D3-BF4B-00C04F79EFBC}") = "AoC2017", "AoC2017\AoC2017.csproj", "{4F47FBAC-558E-4822-AB75-FA0D85CB10B8}"
EndProject
Project("{FAE04EC0-301F-11D3-BF4B-00C04F79EFBC}") = "AoC2017.Tests", "AoC2017.Tests\AoC2017.Tests.csproj", "{2E43D753-61AD-47DA-BD77-93541876E06B}"
EndProject
Global
	GlobalSection(SolutionConfigurationPlatforms) = preSolution
		Debug|Any CPU = Debug|Any CPU
		Release|Any CPU = Release|Any CPU
	EndGlobalSection
	GlobalSection(ProjectConfigurationPlatforms) = postSolution
		{4F47FBAC-558E-4822-AB75-FA0D85CB10B8}.Debug|Any CPU.ActiveCfg = Debug|Any CPU
		{4F47FBAC-558E-4822-AB75-FA0D85CB10B8}.Debug|Any CPU.Build.0 = Debug|Any CPU
		{4F47FBAC-558E-4822-AB75-FA0D85CB10B8}.Release|Any CPU.ActiveCfg = Release|Any CPU
		{4F47FBAC-558E-4822-AB75-FA0D85CB10B8}.Release|Any CPU.Build.0 = Release|Any CPU
		{2E43D753-61AD-47DA-BD77-93541876E06B}.Debug|Any CPU.ActiveCfg = Debug|Any CPU
		{2E43D753-61AD-47DA-BD77-93541876E06B}.Debug|Any CPU.Build.0 = Debug|Any CPU
		{2E43D753-61AD-47DA-BD77-93541876E06B}.Release|Any CPU.ActiveCfg = Release|Any CPU
		{2E43D753-61AD-47DA-BD77-93541876E06B}.Release|Any CPU.Build.0 = Release|Any CPU
	EndGlobalSection
	GlobalSection(SolutionProperties) = preSolution
		HideSolutionNode = FALSE
	EndGlobalSection
	GlobalSection(ExtensibilityGlobals) = postSolution
		SolutionGuid = {C9A3F12D-19CF-49E9-ADD1-44FECB332FAA}
	EndGlobalSection
EndGlobal
